// !$*UTF8*$!
{
	archiveVersion = 1;
	classes = {
	};
	objectVersion = 55;
	objects = {

/* Begin PBXBuildFile section */
		C44999FB28D767BE00013485 /* AppDelegate.swift in Sources */ = {isa = PBXBuildFile; fileRef = C44999FA28D767BE00013485 /* AppDelegate.swift */; };
		C44999FF28D767BE00013485 /* ViewController.swift in Sources */ = {isa = PBXBuildFile; fileRef = C44999FE28D767BE00013485 /* ViewController.swift */; };
		C4499A0528D767BE00013485 /* AnchorsLab.xcdatamodeld in Sources */ = {isa = PBXBuildFile; fileRef = C4499A0328D767BE00013485 /* AnchorsLab.xcdatamodeld */; };
		C4499A0728D767C100013485 /* Assets.xcassets in Resources */ = {isa = PBXBuildFile; fileRef = C4499A0628D767C100013485 /* Assets.xcassets */; };
		C4499A0A28D767C100013485 /* LaunchScreen.storyboard in Resources */ = {isa = PBXBuildFile; fileRef = C4499A0828D767C100013485 /* LaunchScreen.storyboard */; };
		C4499A1228D8CA4700013485 /* SafeAreaViewController.swift in Sources */ = {isa = PBXBuildFile; fileRef = C4499A1128D8CA4700013485 /* SafeAreaViewController.swift */; };
		C4499A1428D8D4DC00013485 /* MarginDefaultViewController.swift in Sources */ = {isa = PBXBuildFile; fileRef = C4499A1328D8D4DC00013485 /* MarginDefaultViewController.swift */; };
/* End PBXBuildFile section */

/* Begin PBXFileReference section */
		C44999F728D767BE00013485 /* AnchorsLab.app */ = {isa = PBXFileReference; explicitFileType = wrapper.application; includeInIndex = 0; path = AnchorsLab.app; sourceTree = BUILT_PRODUCTS_DIR; };
		C44999FA28D767BE00013485 /* AppDelegate.swift */ = {isa = PBXFileReference; lastKnownFileType = sourcecode.swift; path = AppDelegate.swift; sourceTree = "<group>"; };
		C44999FE28D767BE00013485 /* ViewController.swift */ = {isa = PBXFileReference; lastKnownFileType = sourcecode.swift; path = ViewController.swift; sourceTree = "<group>"; };
		C4499A0428D767BE00013485 /* AnchorsLab.xcdatamodel */ = {isa = PBXFileReference; lastKnownFileType = wrapper.xcdatamodel; path = AnchorsLab.xcdatamodel; sourceTree = "<group>"; };
		C4499A0628D767C100013485 /* Assets.xcassets */ = {isa = PBXFileReference; lastKnownFileType = folder.assetcatalog; path = Assets.xcassets; sourceTree = "<group>"; };
		C4499A0928D767C100013485 /* Base */ = {isa = PBXFileReference; lastKnownFileType = file.storyboard; name = Base; path = Base.lproj/LaunchScreen.storyboard; sourceTree = "<group>"; };
		C4499A0B28D767C100013485 /* Info.plist */ = {isa = PBXFileReference; lastKnownFileType = text.plist.xml; path = Info.plist; sourceTree = "<group>"; };
		C4499A1128D8CA4700013485 /* SafeAreaViewController.swift */ = {isa = PBXFileReference; lastKnownFileType = sourcecode.swift; path = SafeAreaViewController.swift; sourceTree = "<group>"; };
		C4499A1328D8D4DC00013485 /* MarginDefaultViewController.swift */ = {isa = PBXFileReference; lastKnownFileType = sourcecode.swift; path = MarginDefaultViewController.swift; sourceTree = "<group>"; };
/* End PBXFileReference section */

/* Begin PBXFrameworksBuildPhase section */
		C44999F428D767BE00013485 /* Frameworks */ = {
			isa = PBXFrameworksBuildPhase;
			buildActionMask = 2147483647;
			files = (
			);
			runOnlyForDeploymentPostprocessing = 0;
		};
/* End PBXFrameworksBuildPhase section */

/* Begin PBXGroup section */
		C44999EE28D767BE00013485 = {
			isa = PBXGroup;
			children = (
				C44999F928D767BE00013485 /* AnchorsLab */,
				C44999F828D767BE00013485 /* Products */,
			);
			sourceTree = "<group>";
		};
		C44999F828D767BE00013485 /* Products */ = {
			isa = PBXGroup;
			children = (
				C44999F728D767BE00013485 /* AnchorsLab.app */,
			);
			name = Products;
			sourceTree = "<group>";
		};
		C44999F928D767BE00013485 /* AnchorsLab */ = {
			isa = PBXGroup;
			children = (
				C44999FA28D767BE00013485 /* AppDelegate.swift */,
				C4499A1128D8CA4700013485 /* SafeAreaViewController.swift */,
				C44999FE28D767BE00013485 /* ViewController.swift */,
				C4499A1328D8D4DC00013485 /* MarginDefaultViewController.swift */,
				C4499A0628D767C100013485 /* Assets.xcassets */,
				C4499A0828D767C100013485 /* LaunchScreen.storyboard */,
				C4499A0B28D767C100013485 /* Info.plist */,
				C4499A0328D767BE00013485 /* AnchorsLab.xcdatamodeld */,
			);
			path = AnchorsLab;
			sourceTree = "<group>";
		};
/* End PBXGroup section */

/* Begin PBXNativeTarget section */
		C44999F628D767BE00013485 /* AnchorsLab */ = {
			isa = PBXNativeTarget;
			buildConfigurationList = C4499A0E28D767C100013485 /* Build configuration list for PBXNativeTarget "AnchorsLab" */;
			buildPhases = (
				C44999F328D767BE00013485 /* Sources */,
				C44999F428D767BE00013485 /* Frameworks */,
				C44999F528D767BE00013485 /* Resources */,
			);
			buildRules = (
			);
			dependencies = (
			);
			name = AnchorsLab;
			productName = AnchorsLab;
			productReference = C44999F728D767BE00013485 /* AnchorsLab.app */;
			productType = "com.apple.product-type.application";
		};
/* End PBXNativeTarget section */

/* Begin PBXProject section */
		C44999EF28D767BE00013485 /* Project object */ = {
			isa = PBXProject;
			attributes = {
				BuildIndependentTargetsInParallel = 1;
				LastSwiftUpdateCheck = 1340;
				LastUpgradeCheck = 1340;
				TargetAttributes = {
					C44999F628D767BE00013485 = {
						CreatedOnToolsVersion = 13.4.1;
					};
				};
			};
			buildConfigurationList = C44999F228D767BE00013485 /* Build configuration list for PBXProject "AnchorsLab" */;
			compatibilityVersion = "Xcode 13.0";
			developmentRegion = en;
			hasScannedForEncodings = 0;
			knownRegions = (
				en,
				Base,
			);
			mainGroup = C44999EE28D767BE00013485;
			productRefGroup = C44999F828D767BE00013485 /* Products */;
			projectDirPath = "";
			projectRoot = "";
			targets = (
				C44999F628D767BE00013485 /* AnchorsLab */,
			);
		};
/* End PBXProject section */

/* Begin PBXResourcesBuildPhase section */
		C44999F528D767BE00013485 /* Resources */ = {
			isa = PBXResourcesBuildPhase;
			buildActionMask = 2147483647;
			files = (
				C4499A0A28D767C100013485 /* LaunchScreen.storyboard in Resources */,
				C4499A0728D767C100013485 /* Assets.xcassets in Resources */,
			);
			runOnlyForDeploymentPostprocessing = 0;
		};
/* End PBXResourcesBuildPhase section */

/* Begin PBXSourcesBuildPhase section */
		C44999F328D767BE00013485 /* Sources */ = {
			isa = PBXSourcesBuildPhase;
			buildActionMask = 2147483647;
			files = (
				C4499A1428D8D4DC00013485 /* MarginDefaultViewController.swift in Sources */,
				C4499A0528D767BE00013485 /* AnchorsLab.xcdatamodeld in Sources */,
				C44999FF28D767BE00013485 /* ViewController.swift in Sources */,
				C44999FB28D767BE00013485 /* AppDelegate.swift in Sources */,
				C4499A1228D8CA4700013485 /* SafeAreaViewController.swift in Sources */,
			);
			runOnlyForDeploymentPostprocessing = 0;
		};
/* End PBXSourcesBuildPhase section */

/* Begin PBXVariantGroup section */
		C4499A0828D767C100013485 /* LaunchScreen.storyboard */ = {
			isa = PBXVariantGroup;
			children = (
				C4499A0928D767C100013485 /* Base */,
			);
			name = LaunchScreen.storyboard;
			sourceTree = "<group>";
		};
/* End PBXVariantGroup section */

/* Begin XCBuildConfiguration section */
		C4499A0C28D767C100013485 /* Debug */ = {
			isa = XCBuildConfiguration;
			buildSettings = {
				ALWAYS_SEARCH_USER_PATHS = NO;
				CLANG_ANALYZER_NONNULL = YES;
				CLANG_ANALYZER_NUMBER_OBJECT_CONVERSION = YES_AGGRESSIVE;
				CLANG_CXX_LANGUAGE_STANDARD = "gnu++17";
				CLANG_ENABLE_MODULES = YES;
				CLANG_ENABLE_OBJC_ARC = YES;
				CLANG_ENABLE_OBJC_WEAK = YES;
				CLANG_WARN_BLOCK_CAPTURE_AUTORELEASING = YES;
				CLANG_WARN_BOOL_CONVERSION = YES;
				CLANG_WARN_COMMA = YES;
				CLANG_WARN_CONSTANT_CONVERSION = YES;
				CLANG_WARN_DEPRECATED_OBJC_IMPLEMENTATIONS = YES;
				CLANG_WARN_DIRECT_OBJC_ISA_USAGE = YES_ERROR;
				CLANG_WARN_DOCUMENTATION_COMMENTS = YES;
				CLANG_WARN_EMPTY_BODY = YES;
				CLANG_WARN_ENUM_CONVERSION = YES;
				CLANG_WARN_INFINITE_RECURSION = YES;
				CLANG_WARN_INT_CONVERSION = YES;
				CLANG_WARN_NON_LITERAL_NULL_CONVERSION = YES;
				CLANG_WARN_OBJC_IMPLICIT_RETAIN_SELF = YES;
				CLANG_WARN_OBJC_LITERAL_CONVERSION = YES;
				CLANG_WARN_OBJC_ROOT_CLASS = YES_ERROR;
				CLANG_WARN_QUOTED_INCLUDE_IN_FRAMEWORK_HEADER = YES;
				CLANG_WARN_RANGE_LOOP_ANALYSIS = YES;
				CLANG_WARN_STRICT_PROTOTYPES = YES;
				CLANG_WARN_SUSPICIOUS_MOVE = YES;
				CLANG_WARN_UNGUARDED_AVAILABILITY = YES_AGGRESSIVE;
				CLANG_WARN_UNREACHABLE_CODE = YES;
				CLANG_WARN__DUPLICATE_METHOD_MATCH = YES;
				COPY_PHASE_STRIP = NO;
				DEBUG_INFORMATION_FORMAT = dwarf;
				ENABLE_STRICT_OBJC_MSGSEND = YES;
				ENABLE_TESTABILITY = YES;
				GCC_C_LANGUAGE_STANDARD = gnu11;
				GCC_DYNAMIC_NO_PIC = NO;
				GCC_NO_COMMON_BLOCKS = YES;
				GCC_OPTIMIZATION_LEVEL = 0;
				GCC_PREPROCESSOR_DEFINITIONS = (
					"DEBUG=1",
					"$(inherited)",
				);
				GCC_WARN_64_TO_32_BIT_CONVERSION = YES;
				GCC_WARN_ABOUT_RETURN_TYPE = YES_ERROR;
				GCC_WARN_UNDECLARED_SELECTOR = YES;
				GCC_WARN_UNINITIALIZED_AUTOS = YES_AGGRESSIVE;
				GCC_WARN_UNUSED_FUNCTION = YES;
				GCC_WARN_UNUSED_VARIABLE = YES;
				IPHONEOS_DEPLOYMENT_TARGET = 15.5;
				MTL_ENABLE_DEBUG_INFO = INCLUDE_SOURCE;
				MTL_FAST_MATH = YES;
				ONLY_ACTIVE_ARCH = YES;
				SDKROOT = iphoneos;
				SWIFT_ACTIVE_COMPILATION_CONDITIONS = DEBUG;
				SWIFT_OPTIMIZATION_LEVEL = "-Onone";
			};
			name = Debug;
		};
		C4499A0D28D767C100013485 /* Release */ = {
			isa = XCBuildConfiguration;
			buildSettings = {
				ALWAYS_SEARCH_USER_PATHS = NO;
				CLANG_ANALYZER_NONNULL = YES;
				CLANG_ANALYZER_NUMBER_OBJECT_CONVERSION = YES_AGGRESSIVE;
				CLANG_CXX_LANGUAGE_STANDARD = "gnu++17";
				CLANG_ENABLE_MODULES = YES;
				CLANG_ENABLE_OBJC_ARC = YES;
				CLANG_ENABLE_OBJC_WEAK = YES;
				CLANG_WARN_BLOCK_CAPTURE_AUTORELEASING = YES;
				CLANG_WARN_BOOL_CONVERSION = YES;
				CLANG_WARN_COMMA = YES;
				CLANG_WARN_CONSTANT_CONVERSION = YES;
				CLANG_WARN_DEPRECATED_OBJC_IMPLEMENTATIONS = YES;
				CLANG_WARN_DIRECT_OBJC_ISA_USAGE = YES_ERROR;
				CLANG_WARN_DOCUMENTATION_COMMENTS = YES;
				CLANG_WARN_EMPTY_BODY = YES;
				CLANG_WARN_ENUM_CONVERSION = YES;
				CLANG_WARN_INFINITE_RECURSION = YES;
				CLANG_WARN_INT_CONVERSION = YES;
				CLANG_WARN_NON_LITERAL_NULL_CONVERSION = YES;
				CLANG_WARN_OBJC_IMPLICIT_RETAIN_SELF = YES;
				CLANG_WARN_OBJC_LITERAL_CONVERSION = YES;
				CLANG_WARN_OBJC_ROOT_CLASS = YES_ERROR;
				CLANG_WARN_QUOTED_INCLUDE_IN_FRAMEWORK_HEADER = YES;
				CLANG_WARN_RANGE_LOOP_ANALYSIS = YES;
				CLANG_WARN_STRICT_PROTOTYPES = YES;
				CLANG_WARN_SUSPICIOUS_MOVE = YES;
				CLANG_WARN_UNGUARDED_AVAILABILITY = YES_AGGRESSIVE;
				CLANG_WARN_UNREACHABLE_CODE = YES;
				CLANG_WARN__DUPLICATE_METHOD_MATCH = YES;
				COPY_PHASE_STRIP = NO;
				DEBUG_INFORMATION_FORMAT = "dwarf-with-dsym";
				ENABLE_NS_ASSERTIONS = NO;
				ENABLE_STRICT_OBJC_MSGSEND = YES;
				GCC_C_LANGUAGE_STANDARD = gnu11;
				GCC_NO_COMMON_BLOCKS = YES;
				GCC_WARN_64_TO_32_BIT_CONVERSION = YES;
				GCC_WARN_ABOUT_RETURN_TYPE = YES_ERROR;
				GCC_WARN_UNDECLARED_SELECTOR = YES;
				GCC_WARN_UNINITIALIZED_AUTOS = YES_AGGRESSIVE;
				GCC_WARN_UNUSED_FUNCTION = YES;
				GCC_WARN_UNUSED_VARIABLE = YES;
				IPHONEOS_DEPLOYMENT_TARGET = 15.5;
				MTL_ENABLE_DEBUG_INFO = NO;
				MTL_FAST_MATH = YES;
				SDKROOT = iphoneos;
				SWIFT_COMPILATION_MODE = wholemodule;
				SWIFT_OPTIMIZATION_LEVEL = "-O";
				VALIDATE_PRODUCT = YES;
			};
			name = Release;
		};
		C4499A0F28D767C100013485 /* Debug */ = {
			isa = XCBuildConfiguration;
			buildSettings = {
				ASSETCATALOG_COMPILER_APPICON_NAME = AppIcon;
				ASSETCATALOG_COMPILER_GLOBAL_ACCENT_COLOR_NAME = AccentColor;
				CODE_SIGN_STYLE = Automatic;
				CURRENT_PROJECT_VERSION = 1;
				GENERATE_INFOPLIST_FILE = YES;
				INFOPLIST_FILE = AnchorsLab/Info.plist;
				INFOPLIST_KEY_UIApplicationSupportsIndirectInputEvents = YES;
				INFOPLIST_KEY_UILaunchStoryboardName = LaunchScreen;
				INFOPLIST_KEY_UISupportedInterfaceOrientations_iPad = "UIInterfaceOrientationPortrait UIInterfaceOrientationPortraitUpsideDown UIInterfaceOrientationLandscapeLeft UIInterfaceOrientationLandscapeRight";
				INFOPLIST_KEY_UISupportedInterfaceOrientations_iPhone = "UIInterfaceOrientationPortrait UIInterfaceOrientationLandscapeLeft UIInterfaceOrientationLandscapeRight";
				LD_RUNPATH_SEARCH_PATHS = (
					"$(inherited)",
					"@executable_path/Frameworks",
				);
				MARKETING_VERSION = 1.0;
				PRODUCT_BUNDLE_IDENTIFIER = mpilopillz.AnchorsLab;
				PRODUCT_NAME = "$(TARGET_NAME)";
				SWIFT_EMIT_LOC_STRINGS = YES;
				SWIFT_VERSION = 5.0;
				TARGETED_DEVICE_FAMILY = "1,2";
			};
			name = Debug;
		};
		C4499A1028D767C100013485 /* Release */ = {
			isa = XCBuildConfiguration;
			buildSettings = {
				ASSETCATALOG_COMPILER_APPICON_NAME = AppIcon;
				ASSETCATALOG_COMPILER_GLOBAL_ACCENT_COLOR_NAME = AccentColor;
				CODE_SIGN_STYLE = Automatic;
				CURRENT_PROJECT_VERSION = 1;
				GENERATE_INFOPLIST_FILE = YES;
				INFOPLIST_FILE = AnchorsLab/Info.plist;
				INFOPLIST_KEY_UIApplicationSupportsIndirectInputEvents = YES;
				INFOPLIST_KEY_UILaunchStoryboardName = LaunchScreen;
				INFOPLIST_KEY_UISupportedInterfaceOrientations_iPad = "UIInterfaceOrientationPortrait UIInterfaceOrientationPortraitUpsideDown UIInterfaceOrientationLandscapeLeft UIInterfaceOrientationLandscapeRight";
				INFOPLIST_KEY_UISupportedInterfaceOrientations_iPhone = "UIInterfaceOrientationPortrait UIInterfaceOrientationLandscapeLeft UIInterfaceOrientationLandscapeRight";
				LD_RUNPATH_SEARCH_PATHS = (
					"$(inherited)",
					"@executable_path/Frameworks",
				);
				MARKETING_VERSION = 1.0;
				PRODUCT_BUNDLE_IDENTIFIER = mpilopillz.AnchorsLab;
				PRODUCT_NAME = "$(TARGET_NAME)";
				SWIFT_EMIT_LOC_STRINGS = YES;
				SWIFT_VERSION = 5.0;
				TARGETED_DEVICE_FAMILY = "1,2";
			};
			name = Release;
		};
/* End XCBuildConfiguration section */

/* Begin XCConfigurationList section */
		C44999F228D767BE00013485 /* Build configuration list for PBXProject "AnchorsLab" */ = {
			isa = XCConfigurationList;
			buildConfigurations = (
				C4499A0C28D767C100013485 /* Debug */,
				C4499A0D28D767C100013485 /* Release */,
			);
			defaultConfigurationIsVisible = 0;
			defaultConfigurationName = Release;
		};
		C4499A0E28D767C100013485 /* Build configuration list for PBXNativeTarget "AnchorsLab" */ = {
			isa = XCConfigurationList;
			buildConfigurations = (
				C4499A0F28D767C100013485 /* Debug */,
				C4499A1028D767C100013485 /* Release */,
			);
			defaultConfigurationIsVisible = 0;
			defaultConfigurationName = Release;
		};
/* End XCConfigurationList section */

/* Begin XCVersionGroup section */
		C4499A0328D767BE00013485 /* AnchorsLab.xcdatamodeld */ = {
			isa = XCVersionGroup;
			children = (
				C4499A0428D767BE00013485 /* AnchorsLab.xcdatamodel */,
			);
			currentVersion = C4499A0428D767BE00013485 /* AnchorsLab.xcdatamodel */;
			path = AnchorsLab.xcdatamodeld;
			sourceTree = "<group>";
			versionGroupType = wrapper.xcdatamodel;
		};
/* End XCVersionGroup section */
	};
	rootObject = C44999EF28D767BE00013485 /* Project object */;
}
